
Microsoft Visual Studio Solution File, Format Version 12.00
# Visual Studio Version 17
VisualStudioVersion = 17.8.34408.163
MinimumVisualStudioVersion = 10.0.40219.1
Project("{FAE04EC0-301F-11D3-BF4B-00C04F79EFBC}") = "Analyzer1", "Analyzer1\Analyzer1\Analyzer1.csproj", "{87EFE231-3FA9-468B-A9F1-1FF858F642EB}"
EndProject
Project("{FAE04EC0-301F-11D3-BF4B-00C04F79EFBC}") = "Analyzer1.CodeFixes", "Analyzer1\Analyzer1.CodeFixes\Analyzer1.CodeFixes.csproj", "{33C6163B-0DC2-4657-83A5-D0FBE2E00171}"
EndProject
Project("{FAE04EC0-301F-11D3-BF4B-00C04F79EFBC}") = "Analyzer1.Package", "Analyzer1\Analyzer1.Package\Analyzer1.Package.csproj", "{8A7DF9C1-7534-4375-9819-C286DE14BBC4}"
EndProject
Project("{FAE04EC0-301F-11D3-BF4B-00C04F79EFBC}") = "Analyzer1.Test", "Analyzer1\Analyzer1.Test\Analyzer1.Test.csproj", "{DEDAA24F-A607-47B4-BC45-58C32D9175CE}"
EndProject
Project("{FAE04EC0-301F-11D3-BF4B-00C04F79EFBC}") = "Analyzer1.Vsix", "Analyzer1\Analyzer1.Vsix\Analyzer1.Vsix.csproj", "{AB449533-678D-4C3D-8641-8D056E91BE32}"
EndProject
Global
	GlobalSection(SolutionConfigurationPlatforms) = preSolution
		Debug|Any CPU = Debug|Any CPU
		Debug|arm64 = Debug|arm64
		Debug|x86 = Debug|x86
		Release|Any CPU = Release|Any CPU
		Release|arm64 = Release|arm64
		Release|x86 = Release|x86
	EndGlobalSection
	GlobalSection(ProjectConfigurationPlatforms) = postSolution
		{87EFE231-3FA9-468B-A9F1-1FF858F642EB}.Debug|Any CPU.ActiveCfg = Debug|Any CPU
		{87EFE231-3FA9-468B-A9F1-1FF858F642EB}.Debug|Any CPU.Build.0 = Debug|Any CPU
		{87EFE231-3FA9-468B-A9F1-1FF858F642EB}.Debug|arm64.ActiveCfg = Debug|Any CPU
		{87EFE231-3FA9-468B-A9F1-1FF858F642EB}.Debug|arm64.Build.0 = Debug|Any CPU
		{87EFE231-3FA9-468B-A9F1-1FF858F642EB}.Debug|x86.ActiveCfg = Debug|Any CPU
		{87EFE231-3FA9-468B-A9F1-1FF858F642EB}.Debug|x86.Build.0 = Debug|Any CPU
		{87EFE231-3FA9-468B-A9F1-1FF858F642EB}.Release|Any CPU.ActiveCfg = Release|Any CPU
		{87EFE231-3FA9-468B-A9F1-1FF858F642EB}.Release|Any CPU.Build.0 = Release|Any CPU
		{87EFE231-3FA9-468B-A9F1-1FF858F642EB}.Release|arm64.ActiveCfg = Release|Any CPU
		{87EFE231-3FA9-468B-A9F1-1FF858F642EB}.Release|arm64.Build.0 = Release|Any CPU
		{87EFE231-3FA9-468B-A9F1-1FF858F642EB}.Release|x86.ActiveCfg = Release|Any CPU
		{87EFE231-3FA9-468B-A9F1-1FF858F642EB}.Release|x86.Build.0 = Release|Any CPU
		{33C6163B-0DC2-4657-83A5-D0FBE2E00171}.Debug|Any CPU.ActiveCfg = Debug|Any CPU
		{33C6163B-0DC2-4657-83A5-D0FBE2E00171}.Debug|Any CPU.Build.0 = Debug|Any CPU
		{33C6163B-0DC2-4657-83A5-D0FBE2E00171}.Debug|arm64.ActiveCfg = Debug|Any CPU
		{33C6163B-0DC2-4657-83A5-D0FBE2E00171}.Debug|arm64.Build.0 = Debug|Any CPU
		{33C6163B-0DC2-4657-83A5-D0FBE2E00171}.Debug|x86.ActiveCfg = Debug|Any CPU
		{33C6163B-0DC2-4657-83A5-D0FBE2E00171}.Debug|x86.Build.0 = Debug|Any CPU
		{33C6163B-0DC2-4657-83A5-D0FBE2E00171}.Release|Any CPU.ActiveCfg = Release|Any CPU
		{33C6163B-0DC2-4657-83A5-D0FBE2E00171}.Release|Any CPU.Build.0 = Release|Any CPU
		{33C6163B-0DC2-4657-83A5-D0FBE2E00171}.Release|arm64.ActiveCfg = Release|Any CPU
		{33C6163B-0DC2-4657-83A5-D0FBE2E00171}.Release|arm64.Build.0 = Release|Any CPU
		{33C6163B-0DC2-4657-83A5-D0FBE2E00171}.Release|x86.ActiveCfg = Release|Any CPU
		{33C6163B-0DC2-4657-83A5-D0FBE2E00171}.Release|x86.Build.0 = Release|Any CPU
		{8A7DF9C1-7534-4375-9819-C286DE14BBC4}.Debug|Any CPU.ActiveCfg = Debug|Any CPU
		{8A7DF9C1-7534-4375-9819-C286DE14BBC4}.Debug|Any CPU.Build.0 = Debug|Any CPU
		{8A7DF9C1-7534-4375-9819-C286DE14BBC4}.Debug|arm64.ActiveCfg = Debug|Any CPU
		{8A7DF9C1-7534-4375-9819-C286DE14BBC4}.Debug|arm64.Build.0 = Debug|Any CPU
		{8A7DF9C1-7534-4375-9819-C286DE14BBC4}.Debug|x86.ActiveCfg = Debug|Any CPU
		{8A7DF9C1-7534-4375-9819-C286DE14BBC4}.Debug|x86.Build.0 = Debug|Any CPU
		{8A7DF9C1-7534-4375-9819-C286DE14BBC4}.Release|Any CPU.ActiveCfg = Release|Any CPU
		{8A7DF9C1-7534-4375-9819-C286DE14BBC4}.Release|Any CPU.Build.0 = Release|Any CPU
		{8A7DF9C1-7534-4375-9819-C286DE14BBC4}.Release|arm64.ActiveCfg = Release|Any CPU
		{8A7DF9C1-7534-4375-9819-C286DE14BBC4}.Release|arm64.Build.0 = Release|Any CPU
		{8A7DF9C1-7534-4375-9819-C286DE14BBC4}.Release|x86.ActiveCfg = Release|Any CPU
		{8A7DF9C1-7534-4375-9819-C286DE14BBC4}.Release|x86.Build.0 = Release|Any CPU
		{DEDAA24F-A607-47B4-BC45-58C32D9175CE}.Debug|Any CPU.ActiveCfg = Debug|Any CPU
		{DEDAA24F-A607-47B4-BC45-58C32D9175CE}.Debug|Any CPU.Build.0 = Debug|Any CPU
		{DEDAA24F-A607-47B4-BC45-58C32D9175CE}.Debug|arm64.ActiveCfg = Debug|Any CPU
		{DEDAA24F-A607-47B4-BC45-58C32D9175CE}.Debug|arm64.Build.0 = Debug|Any CPU
		{DEDAA24F-A607-47B4-BC45-58C32D9175CE}.Debug|x86.ActiveCfg = Debug|Any CPU
		{DEDAA24F-A607-47B4-BC45-58C32D9175CE}.Debug|x86.Build.0 = Debug|Any CPU
		{DEDAA24F-A607-47B4-BC45-58C32D9175CE}.Release|Any CPU.ActiveCfg = Release|Any CPU
		{DEDAA24F-A607-47B4-BC45-58C32D9175CE}.Release|Any CPU.Build.0 = Release|Any CPU
		{DEDAA24F-A607-47B4-BC45-58C32D9175CE}.Release|arm64.ActiveCfg = Release|Any CPU
		{DEDAA24F-A607-47B4-BC45-58C32D9175CE}.Release|arm64.Build.0 = Release|Any CPU
		{DEDAA24F-A607-47B4-BC45-58C32D9175CE}.Release|x86.ActiveCfg = Release|Any CPU
		{DEDAA24F-A607-47B4-BC45-58C32D9175CE}.Release|x86.Build.0 = Release|Any CPU
		{AB449533-678D-4C3D-8641-8D056E91BE32}.Debug|Any CPU.ActiveCfg = Debug|Any CPU
		{AB449533-678D-4C3D-8641-8D056E91BE32}.Debug|Any CPU.Build.0 = Debug|Any CPU
		{AB449533-678D-4C3D-8641-8D056E91BE32}.Debug|arm64.ActiveCfg = Debug|Any CPU
		{AB449533-678D-4C3D-8641-8D056E91BE32}.Debug|arm64.Build.0 = Debug|Any CPU
		{AB449533-678D-4C3D-8641-8D056E91BE32}.Debug|x86.ActiveCfg = Debug|Any CPU
		{AB449533-678D-4C3D-8641-8D056E91BE32}.Debug|x86.Build.0 = Debug|Any CPU
		{AB449533-678D-4C3D-8641-8D056E91BE32}.Release|Any CPU.ActiveCfg = Release|Any CPU
		{AB449533-678D-4C3D-8641-8D056E91BE32}.Release|Any CPU.Build.0 = Release|Any CPU
		{AB449533-678D-4C3D-8641-8D056E91BE32}.Release|arm64.ActiveCfg = Release|Any CPU
		{AB449533-678D-4C3D-8641-8D056E91BE32}.Release|arm64.Build.0 = Release|Any CPU
		{AB449533-678D-4C3D-8641-8D056E91BE32}.Release|x86.ActiveCfg = Release|Any CPU
		{AB449533-678D-4C3D-8641-8D056E91BE32}.Release|x86.Build.0 = Release|Any CPU
	EndGlobalSection
	GlobalSection(SolutionProperties) = preSolution
		HideSolutionNode = FALSE
	EndGlobalSection
	GlobalSection(ExtensibilityGlobals) = postSolution
		SolutionGuid = {E4082E79-F1A1-4611-95DA-F5291D4B939C}
	EndGlobalSection
EndGlobal
